
Microsoft Visual Studio Solution File, Format Version 12.00
# Visual Studio Version 17
VisualStudioVersion = 17.1.32414.318
MinimumVisualStudioVersion = 10.0.40219.1
Project("{FAE04EC0-301F-11D3-BF4B-00C04F79EFBC}") = "MaterializedView", "MaterializedView\MaterializedView.csproj", "{C0AEA31B-5FD1-4B1A-A912-8E7E29B0A2E5}"
EndProject
Global
	GlobalSection(SolutionConfigurationPlatforms) = preSolution
		Debug|Any CPU = Debug|Any CPU
		Release|Any CPU = Release|Any CPU
	EndGlobalSection
	GlobalSection(ProjectConfigurationPlatforms) = postSolution
		{C0AEA31B-5FD1-4B1A-A912-8E7E29B0A2E5}.Debug|Any CPU.ActiveCfg = Debug|Any CPU
		{C0AEA31B-5FD1-4B1A-A912-8E7E29B0A2E5}.Debug|Any CPU.Build.0 = Debug|Any CPU
		{C0AEA31B-5FD1-4B1A-A912-8E7E29B0A2E5}.Release|Any CPU.ActiveCfg = Release|Any CPU
		{C0AEA31B-5FD1-4B1A-A912-8E7E29B0A2E5}.Release|Any CPU.Build.0 = Release|Any CPU
	EndGlobalSection
	GlobalSection(SolutionProperties) = preSolution
		HideSolutionNode = FALSE
	EndGlobalSection
	GlobalSection(ExtensibilityGlobals) = postSolution
		SolutionGuid = {DC9D5B97-03D3-4005-B0A9-EC351B60AA5B}
	EndGlobalSection
EndGlobal
